
Microsoft Visual Studio Solution File, Format Version 12.00
# Visual Studio Version 17
VisualStudioVersion = 17.1.32210.238
MinimumVisualStudioVersion = 10.0.40219.1
Project("{FAE04EC0-301F-11D3-BF4B-00C04F79EFBC}") = "PharmacyManagement_WindFormsApp", "PharmacyManagement_WindFormsApp\PharmacyManagement_WindFormsApp.csproj", "{682694BE-0D40-4880-9B29-2BAB19F53924}"
EndProject
Global
	GlobalSection(SolutionConfigurationPlatforms) = preSolution
		Debug|Any CPU = Debug|Any CPU
		Release|Any CPU = Release|Any CPU
	EndGlobalSection
	GlobalSection(ProjectConfigurationPlatforms) = postSolution
		{682694BE-0D40-4880-9B29-2BAB19F53924}.Debug|Any CPU.ActiveCfg = Debug|Any CPU
		{682694BE-0D40-4880-9B29-2BAB19F53924}.Debug|Any CPU.Build.0 = Debug|Any CPU
		{682694BE-0D40-4880-9B29-2BAB19F53924}.Release|Any CPU.ActiveCfg = Release|Any CPU
		{682694BE-0D40-4880-9B29-2BAB19F53924}.Release|Any CPU.Build.0 = Release|Any CPU
	EndGlobalSection
	GlobalSection(SolutionProperties) = preSolution
		HideSolutionNode = FALSE
	EndGlobalSection
	GlobalSection(ExtensibilityGlobals) = postSolution
		SolutionGuid = {6D5FBD1F-AC90-4303-B0BD-1C3F29920983}
	EndGlobalSection
EndGlobal
